
Microsoft Visual Studio Solution File, Format Version 11.00
# Visual Studio 2010
Project("{FAE04EC0-301F-11D3-BF4B-00C04F79EFBC}") = "Assembly-CSharp", "Assembly-CSharp.csproj", "{9291D5D9-0210-EC79-930E-1462C14985B3}"
EndProject
Project("{FAE04EC0-301F-11D3-BF4B-00C04F79EFBC}") = "Assembly-CSharp-Editor", "Assembly-CSharp-Editor.csproj", "{17BA3538-06B0-C944-5CF3-943476C167DC}"
EndProject
Global
	GlobalSection(SolutionConfigurationPlatforms) = preSolution
		Debug|Any CPU = Debug|Any CPU
		Release|Any CPU = Release|Any CPU
	EndGlobalSection
	GlobalSection(ProjectConfigurationPlatforms) = postSolution
		{9291D5D9-0210-EC79-930E-1462C14985B3}.Debug|Any CPU.ActiveCfg = Debug|Any CPU
		{9291D5D9-0210-EC79-930E-1462C14985B3}.Debug|Any CPU.Build.0 = Debug|Any CPU
		{9291D5D9-0210-EC79-930E-1462C14985B3}.Release|Any CPU.ActiveCfg = Release|Any CPU
		{9291D5D9-0210-EC79-930E-1462C14985B3}.Release|Any CPU.Build.0 = Release|Any CPU
		{17BA3538-06B0-C944-5CF3-943476C167DC}.Debug|Any CPU.ActiveCfg = Debug|Any CPU
		{17BA3538-06B0-C944-5CF3-943476C167DC}.Debug|Any CPU.Build.0 = Debug|Any CPU
		{17BA3538-06B0-C944-5CF3-943476C167DC}.Release|Any CPU.ActiveCfg = Release|Any CPU
		{17BA3538-06B0-C944-5CF3-943476C167DC}.Release|Any CPU.Build.0 = Release|Any CPU
	EndGlobalSection
	GlobalSection(SolutionProperties) = preSolution
		HideSolutionNode = FALSE
	EndGlobalSection
EndGlobal
